
Microsoft Visual Studio Solution File, Format Version 12.00
# Visual Studio Version 16
VisualStudioVersion = 16.0.31005.135
MinimumVisualStudioVersion = 10.0.40219.1
Project("{8BC9CEB8-8B4A-11D0-8D11-00A0C91BC942}") = "ex1", "ex1\ex1.vcxproj", "{7F644466-AA43-4CA5-A11A-7EC13F4419C8}"
EndProject
Project("{8BC9CEB8-8B4A-11D0-8D11-00A0C91BC942}") = "ex2", "ex2\ex2.vcxproj", "{6591FB3F-577C-4109-8D2C-41BEE7F33C79}"
EndProject
Project("{8BC9CEB8-8B4A-11D0-8D11-00A0C91BC942}") = "ex3", "ex3\ex3.vcxproj", "{E89D35B1-BC39-4E4D-A318-5BF345CB0553}"
EndProject
Global
	GlobalSection(SolutionConfigurationPlatforms) = preSolution
		Debug|x64 = Debug|x64
		Debug|x86 = Debug|x86
		Release|x64 = Release|x64
		Release|x86 = Release|x86
	EndGlobalSection
	GlobalSection(ProjectConfigurationPlatforms) = postSolution
		{7F644466-AA43-4CA5-A11A-7EC13F4419C8}.Debug|x64.ActiveCfg = Debug|x64
		{7F644466-AA43-4CA5-A11A-7EC13F4419C8}.Debug|x64.Build.0 = Debug|x64
		{7F644466-AA43-4CA5-A11A-7EC13F4419C8}.Debug|x86.ActiveCfg = Debug|Win32
		{7F644466-AA43-4CA5-A11A-7EC13F4419C8}.Debug|x86.Build.0 = Debug|Win32
		{7F644466-AA43-4CA5-A11A-7EC13F4419C8}.Release|x64.ActiveCfg = Release|x64
		{7F644466-AA43-4CA5-A11A-7EC13F4419C8}.Release|x64.Build.0 = Release|x64
		{7F644466-AA43-4CA5-A11A-7EC13F4419C8}.Release|x86.ActiveCfg = Release|Win32
		{7F644466-AA43-4CA5-A11A-7EC13F4419C8}.Release|x86.Build.0 = Release|Win32
		{6591FB3F-577C-4109-8D2C-41BEE7F33C79}.Debug|x64.ActiveCfg = Debug|x64
		{6591FB3F-577C-4109-8D2C-41BEE7F33C79}.Debug|x64.Build.0 = Debug|x64
		{6591FB3F-577C-4109-8D2C-41BEE7F33C79}.Debug|x86.ActiveCfg = Debug|Win32
		{6591FB3F-577C-4109-8D2C-41BEE7F33C79}.Debug|x86.Build.0 = Debug|Win32
		{6591FB3F-577C-4109-8D2C-41BEE7F33C79}.Release|x64.ActiveCfg = Release|x64
		{6591FB3F-577C-4109-8D2C-41BEE7F33C79}.Release|x64.Build.0 = Release|x64
		{6591FB3F-577C-4109-8D2C-41BEE7F33C79}.Release|x86.ActiveCfg = Release|Win32
		{6591FB3F-577C-4109-8D2C-41BEE7F33C79}.Release|x86.Build.0 = Release|Win32
		{E89D35B1-BC39-4E4D-A318-5BF345CB0553}.Debug|x64.ActiveCfg = Debug|x64
		{E89D35B1-BC39-4E4D-A318-5BF345CB0553}.Debug|x64.Build.0 = Debug|x64
		{E89D35B1-BC39-4E4D-A318-5BF345CB0553}.Debug|x86.ActiveCfg = Debug|Win32
		{E89D35B1-BC39-4E4D-A318-5BF345CB0553}.Debug|x86.Build.0 = Debug|Win32
		{E89D35B1-BC39-4E4D-A318-5BF345CB0553}.Release|x64.ActiveCfg = Release|x64
		{E89D35B1-BC39-4E4D-A318-5BF345CB0553}.Release|x64.Build.0 = Release|x64
		{E89D35B1-BC39-4E4D-A318-5BF345CB0553}.Release|x86.ActiveCfg = Release|Win32
		{E89D35B1-BC39-4E4D-A318-5BF345CB0553}.Release|x86.Build.0 = Release|Win32
	EndGlobalSection
	GlobalSection(SolutionProperties) = preSolution
		HideSolutionNode = FALSE
	EndGlobalSection
	GlobalSection(ExtensibilityGlobals) = postSolution
		SolutionGuid = {66879AD7-E314-4EE6-BD68-4ADE8916E14B}
	EndGlobalSection
EndGlobal
